// !$*UTF8*$!
{
	archiveVersion = 1;
	classes = {
	};
	objectVersion = 50;
	objects = {

/* Begin PBXBuildFile section */
		CE3D79CF24A883F000653B0E /* 커밋1.jpeg in Resources */ = {isa = PBXBuildFile; fileRef = CE3D79CD24A883F000653B0E /* 커밋1.jpeg */; };
		CE3D79D024A883F000653B0E /* 커밋2.jpeg in Resources */ = {isa = PBXBuildFile; fileRef = CE3D79CE24A883F000653B0E /* 커밋2.jpeg */; };
		CE9F2AA324A736190017B76D /* AppDelegate.swift in Sources */ = {isa = PBXBuildFile; fileRef = CE9F2AA224A736190017B76D /* AppDelegate.swift */; };
		CE9F2AA524A736190017B76D /* SceneDelegate.swift in Sources */ = {isa = PBXBuildFile; fileRef = CE9F2AA424A736190017B76D /* SceneDelegate.swift */; };
		CE9F2AA724A736190017B76D /* ViewController.swift in Sources */ = {isa = PBXBuildFile; fileRef = CE9F2AA624A736190017B76D /* ViewController.swift */; };
		CE9F2AAA24A736190017B76D /* Main.storyboard in Resources */ = {isa = PBXBuildFile; fileRef = CE9F2AA824A736190017B76D /* Main.storyboard */; };
		CE9F2AAC24A736190017B76D /* Assets.xcassets in Resources */ = {isa = PBXBuildFile; fileRef = CE9F2AAB24A736190017B76D /* Assets.xcassets */; };
		CE9F2AAF24A736190017B76D /* LaunchScreen.storyboard in Resources */ = {isa = PBXBuildFile; fileRef = CE9F2AAD24A736190017B76D /* LaunchScreen.storyboard */; };
		CE9F2ABA24A7361A0017B76D /* byeworldTests.swift in Sources */ = {isa = PBXBuildFile; fileRef = CE9F2AB924A7361A0017B76D /* byeworldTests.swift */; };
		CE9F2AC524A7361A0017B76D /* byeworldUITests.swift in Sources */ = {isa = PBXBuildFile; fileRef = CE9F2AC424A7361A0017B76D /* byeworldUITests.swift */; };
		CEB2478524A9B3D100A5DE15 /* 커밋3.jpg in Resources */ = {isa = PBXBuildFile; fileRef = CEB2478424A9B3D100A5DE15 /* 커밋3.jpg */; };
/* End PBXBuildFile section */

/* Begin PBXContainerItemProxy section */
		CE9F2AB624A7361A0017B76D /* PBXContainerItemProxy */ = {
			isa = PBXContainerItemProxy;
			containerPortal = CE9F2A9724A736190017B76D /* Project object */;
			proxyType = 1;
			remoteGlobalIDString = CE9F2A9E24A736190017B76D;
			remoteInfo = byeworld;
		};
		CE9F2AC124A7361A0017B76D /* PBXContainerItemProxy */ = {
			isa = PBXContainerItemProxy;
			containerPortal = CE9F2A9724A736190017B76D /* Project object */;
			proxyType = 1;
			remoteGlobalIDString = CE9F2A9E24A736190017B76D;
			remoteInfo = byeworld;
		};
/* End PBXContainerItemProxy section */

/* Begin PBXFileReference section */
		CE3D79CD24A883F000653B0E /* 커밋1.jpeg */ = {isa = PBXFileReference; lastKnownFileType = image.jpeg; path = "커밋1.jpeg"; sourceTree = "<group>"; };
		CE3D79CE24A883F000653B0E /* 커밋2.jpeg */ = {isa = PBXFileReference; lastKnownFileType = image.jpeg; path = "커밋2.jpeg"; sourceTree = "<group>"; };
		CE9F2A9F24A736190017B76D /* byeworld.app */ = {isa = PBXFileReference; explicitFileType = wrapper.application; includeInIndex = 0; path = byeworld.app; sourceTree = BUILT_PRODUCTS_DIR; };
		CE9F2AA224A736190017B76D /* AppDelegate.swift */ = {isa = PBXFileReference; lastKnownFileType = sourcecode.swift; path = AppDelegate.swift; sourceTree = "<group>"; };
		CE9F2AA424A736190017B76D /* SceneDelegate.swift */ = {isa = PBXFileReference; lastKnownFileType = sourcecode.swift; path = SceneDelegate.swift; sourceTree = "<group>"; };
		CE9F2AA624A736190017B76D /* ViewController.swift */ = {isa = PBXFileReference; lastKnownFileType = sourcecode.swift; path = ViewController.swift; sourceTree = "<group>"; };
		CE9F2AA924A736190017B76D /* Base */ = {isa = PBXFileReference; lastKnownFileType = file.storyboard; name = Base; path = Base.lproj/Main.storyboard; sourceTree = "<group>"; };
		CE9F2AAB24A736190017B76D /* Assets.xcassets */ = {isa = PBXFileReference; lastKnownFileType = folder.assetcatalog; path = Assets.xcassets; sourceTree = "<group>"; };
		CE9F2AAE24A736190017B76D /* Base */ = {isa = PBXFileReference; lastKnownFileType = file.storyboard; name = Base; path = Base.lproj/LaunchScreen.storyboard; sourceTree = "<group>"; };
		CE9F2AB024A736190017B76D /* Info.plist */ = {isa = PBXFileReference; lastKnownFileType = text.plist.xml; path = Info.plist; sourceTree = "<group>"; };
		CE9F2AB524A7361A0017B76D /* byeworldTests.xctest */ = {isa = PBXFileReference; explicitFileType = wrapper.cfbundle; includeInIndex = 0; path = byeworldTests.xctest; sourceTree = BUILT_PRODUCTS_DIR; };
		CE9F2AB924A7361A0017B76D /* byeworldTests.swift */ = {isa = PBXFileReference; lastKnownFileType = sourcecode.swift; path = byeworldTests.swift; sourceTree = "<group>"; };
		CE9F2ABB24A7361A0017B76D /* Info.plist */ = {isa = PBXFileReference; lastKnownFileType = text.plist.xml; path = Info.plist; sourceTree = "<group>"; };
		CE9F2AC024A7361A0017B76D /* byeworldUITests.xctest */ = {isa = PBXFileReference; explicitFileType = wrapper.cfbundle; includeInIndex = 0; path = byeworldUITests.xctest; sourceTree = BUILT_PRODUCTS_DIR; };
		CE9F2AC424A7361A0017B76D /* byeworldUITests.swift */ = {isa = PBXFileReference; lastKnownFileType = sourcecode.swift; path = byeworldUITests.swift; sourceTree = "<group>"; };
		CE9F2AC624A7361A0017B76D /* Info.plist */ = {isa = PBXFileReference; lastKnownFileType = text.plist.xml; path = Info.plist; sourceTree = "<group>"; };
		CEB2478424A9B3D100A5DE15 /* 커밋3.jpg */ = {isa = PBXFileReference; lastKnownFileType = image.jpeg; path = "커밋3.jpg"; sourceTree = "<group>"; };
/* End PBXFileReference section */

/* Begin PBXFrameworksBuildPhase section */
		CE9F2A9C24A736190017B76D /* Frameworks */ = {
			isa = PBXFrameworksBuildPhase;
			buildActionMask = 2147483647;
			files = (
			);
			runOnlyForDeploymentPostprocessing = 0;
		};
		CE9F2AB224A7361A0017B76D /* Frameworks */ = {
			isa = PBXFrameworksBuildPhase;
			buildActionMask = 2147483647;
			files = (
			);
			runOnlyForDeploymentPostprocessing = 0;
		};
		CE9F2ABD24A7361A0017B76D /* Frameworks */ = {
			isa = PBXFrameworksBuildPhase;
			buildActionMask = 2147483647;
			files = (
			);
			runOnlyForDeploymentPostprocessing = 0;
		};
/* End PBXFrameworksBuildPhase section */

/* Begin PBXGroup section */
		CE9F2A9624A736190017B76D = {
			isa = PBXGroup;
			children = (
				CE9F2AA124A736190017B76D /* byeworld */,
				CE9F2AB824A7361A0017B76D /* byeworldTests */,
				CE9F2AC324A7361A0017B76D /* byeworldUITests */,
				CE9F2AA024A736190017B76D /* Products */,
			);
			sourceTree = "<group>";
		};
		CE9F2AA024A736190017B76D /* Products */ = {
			isa = PBXGroup;
			children = (
				CE9F2A9F24A736190017B76D /* byeworld.app */,
				CE9F2AB524A7361A0017B76D /* byeworldTests.xctest */,
				CE9F2AC024A7361A0017B76D /* byeworldUITests.xctest */,
			);
			name = Products;
			sourceTree = "<group>";
		};
		CE9F2AA124A736190017B76D /* byeworld */ = {
			isa = PBXGroup;
			children = (
				CEB2478424A9B3D100A5DE15 /* 커밋3.jpg */,
				CE3D79CD24A883F000653B0E /* 커밋1.jpeg */,
				CE3D79CE24A883F000653B0E /* 커밋2.jpeg */,
				CE9F2AA224A736190017B76D /* AppDelegate.swift */,
				CE9F2AA424A736190017B76D /* SceneDelegate.swift */,
				CE9F2AA624A736190017B76D /* ViewController.swift */,
				CE9F2AA824A736190017B76D /* Main.storyboard */,
				CE9F2AAB24A736190017B76D /* Assets.xcassets */,
				CE9F2AAD24A736190017B76D /* LaunchScreen.storyboard */,
				CE9F2AB024A736190017B76D /* Info.plist */,
			);
			path = byeworld;
			sourceTree = "<group>";
		};
		CE9F2AB824A7361A0017B76D /* byeworldTests */ = {
			isa = PBXGroup;
			children = (
				CE9F2AB924A7361A0017B76D /* byeworldTests.swift */,
				CE9F2ABB24A7361A0017B76D /* Info.plist */,
			);
			path = byeworldTests;
			sourceTree = "<group>";
		};
		CE9F2AC324A7361A0017B76D /* byeworldUITests */ = {
			isa = PBXGroup;
			children = (
				CE9F2AC424A7361A0017B76D /* byeworldUITests.swift */,
				CE9F2AC624A7361A0017B76D /* Info.plist */,
			);
			path = byeworldUITests;
			sourceTree = "<group>";
		};
/* End PBXGroup section */

/* Begin PBXNativeTarget section */
		CE9F2A9E24A736190017B76D /* byeworld */ = {
			isa = PBXNativeTarget;
			buildConfigurationList = CE9F2AC924A7361A0017B76D /* Build configuration list for PBXNativeTarget "byeworld" */;
			buildPhases = (
				CE9F2A9B24A736190017B76D /* Sources */,
				CE9F2A9C24A736190017B76D /* Frameworks */,
				CE9F2A9D24A736190017B76D /* Resources */,
			);
			buildRules = (
			);
			dependencies = (
			);
			name = byeworld;
			productName = byeworld;
			productReference = CE9F2A9F24A736190017B76D /* byeworld.app */;
			productType = "com.apple.product-type.application";
		};
		CE9F2AB424A7361A0017B76D /* byeworldTests */ = {
			isa = PBXNativeTarget;
			buildConfigurationList = CE9F2ACC24A7361A0017B76D /* Build configuration list for PBXNativeTarget "byeworldTests" */;
			buildPhases = (
				CE9F2AB124A7361A0017B76D /* Sources */,
				CE9F2AB224A7361A0017B76D /* Frameworks */,
				CE9F2AB324A7361A0017B76D /* Resources */,
			);
			buildRules = (
			);
			dependencies = (
				CE9F2AB724A7361A0017B76D /* PBXTargetDependency */,
			);
			name = byeworldTests;
			productName = byeworldTests;
			productReference = CE9F2AB524A7361A0017B76D /* byeworldTests.xctest */;
			productType = "com.apple.product-type.bundle.unit-test";
		};
		CE9F2ABF24A7361A0017B76D /* byeworldUITests */ = {
			isa = PBXNativeTarget;
			buildConfigurationList = CE9F2ACF24A7361A0017B76D /* Build configuration list for PBXNativeTarget "byeworldUITests" */;
			buildPhases = (
				CE9F2ABC24A7361A0017B76D /* Sources */,
				CE9F2ABD24A7361A0017B76D /* Frameworks */,
				CE9F2ABE24A7361A0017B76D /* Resources */,
			);
			buildRules = (
			);
			dependencies = (
				CE9F2AC224A7361A0017B76D /* PBXTargetDependency */,
			);
			name = byeworldUITests;
			productName = byeworldUITests;
			productReference = CE9F2AC024A7361A0017B76D /* byeworldUITests.xctest */;
			productType = "com.apple.product-type.bundle.ui-testing";
		};
/* End PBXNativeTarget section */

/* Begin PBXProject section */
		CE9F2A9724A736190017B76D /* Project object */ = {
			isa = PBXProject;
			attributes = {
				LastSwiftUpdateCheck = 1150;
				LastUpgradeCheck = 1150;
				ORGANIZATIONNAME = Hyunndy;
				TargetAttributes = {
					CE9F2A9E24A736190017B76D = {
						CreatedOnToolsVersion = 11.5;
					};
					CE9F2AB424A7361A0017B76D = {
						CreatedOnToolsVersion = 11.5;
						TestTargetID = CE9F2A9E24A736190017B76D;
					};
					CE9F2ABF24A7361A0017B76D = {
						CreatedOnToolsVersion = 11.5;
						TestTargetID = CE9F2A9E24A736190017B76D;
					};
				};
			};
			buildConfigurationList = CE9F2A9A24A736190017B76D /* Build configuration list for PBXProject "byeworld" */;
			compatibilityVersion = "Xcode 9.3";
			developmentRegion = en;
			hasScannedForEncodings = 0;
			knownRegions = (
				en,
				Base,
			);
			mainGroup = CE9F2A9624A736190017B76D;
			productRefGroup = CE9F2AA024A736190017B76D /* Products */;
			projectDirPath = "";
			projectRoot = "";
			targets = (
				CE9F2A9E24A736190017B76D /* byeworld */,
				CE9F2AB424A7361A0017B76D /* byeworldTests */,
				CE9F2ABF24A7361A0017B76D /* byeworldUITests */,
			);
		};
/* End PBXProject section */

/* Begin PBXResourcesBuildPhase section */
		CE9F2A9D24A736190017B76D /* Resources */ = {
			isa = PBXResourcesBuildPhase;
			buildActionMask = 2147483647;
			files = (
				CE9F2AAF24A736190017B76D /* LaunchScreen.storyboard in Resources */,
				CE3D79CF24A883F000653B0E /* 커밋1.jpeg in Resources */,
				CE3D79D024A883F000653B0E /* 커밋2.jpeg in Resources */,
				CEB2478524A9B3D100A5DE15 /* 커밋3.jpg in Resources */,
				CE9F2AAC24A736190017B76D /* Assets.xcassets in Resources */,
				CE9F2AAA24A736190017B76D /* Main.storyboard in Resources */,
			);
			runOnlyForDeploymentPostprocessing = 0;
		};
		CE9F2AB324A7361A0017B76D /* Resources */ = {
			isa = PBXResourcesBuildPhase;
			buildActionMask = 2147483647;
			files = (
			);
			runOnlyForDeploymentPostprocessing = 0;
		};
		CE9F2ABE24A7361A0017B76D /* Resources */ = {
			isa = PBXResourcesBuildPhase;
			buildActionMask = 2147483647;
			files = (
			);
			runOnlyForDeploymentPostprocessing = 0;
		};
/* End PBXResourcesBuildPhase section */

/* Begin PBXSourcesBuildPhase section */
		CE9F2A9B24A736190017B76D /* Sources */ = {
			isa = PBXSourcesBuildPhase;
			buildActionMask = 2147483647;
			files = (
				CE9F2AA724A736190017B76D /* ViewController.swift in Sources */,
				CE9F2AA324A736190017B76D /* AppDelegate.swift in Sources */,
				CE9F2AA524A736190017B76D /* SceneDelegate.swift in Sources */,
			);
			runOnlyForDeploymentPostprocessing = 0;
		};
		CE9F2AB124A7361A0017B76D /* Sources */ = {
			isa = PBXSourcesBuildPhase;
			buildActionMask = 2147483647;
			files = (
				CE9F2ABA24A7361A0017B76D /* byeworldTests.swift in Sources */,
			);
			runOnlyForDeploymentPostprocessing = 0;
		};
		CE9F2ABC24A7361A0017B76D /* Sources */ = {
			isa = PBXSourcesBuildPhase;
			buildActionMask = 2147483647;
			files = (
				CE9F2AC524A7361A0017B76D /* byeworldUITests.swift in Sources */,
			);
			runOnlyForDeploymentPostprocessing = 0;
		};
/* End PBXSourcesBuildPhase section */

/* Begin PBXTargetDependency section */
		CE9F2AB724A7361A0017B76D /* PBXTargetDependency */ = {
			isa = PBXTargetDependency;
			target = CE9F2A9E24A736190017B76D /* byeworld */;
			targetProxy = CE9F2AB624A7361A0017B76D /* PBXContainerItemProxy */;
		};
		CE9F2AC224A7361A0017B76D /* PBXTargetDependency */ = {
			isa = PBXTargetDependency;
			target = CE9F2A9E24A736190017B76D /* byeworld */;
			targetProxy = CE9F2AC124A7361A0017B76D /* PBXContainerItemProxy */;
		};
/* End PBXTargetDependency section */

/* Begin PBXVariantGroup section */
		CE9F2AA824A736190017B76D /* Main.storyboard */ = {
			isa = PBXVariantGroup;
			children = (
				CE9F2AA924A736190017B76D /* Base */,
			);
			name = Main.storyboard;
			sourceTree = "<group>";
		};
		CE9F2AAD24A736190017B76D /* LaunchScreen.storyboard */ = {
			isa = PBXVariantGroup;
			children = (
				CE9F2AAE24A736190017B76D /* Base */,
			);
			name = LaunchScreen.storyboard;
			sourceTree = "<group>";
		};
/* End PBXVariantGroup section */

/* Begin XCBuildConfiguration section */
		CE9F2AC724A7361A0017B76D /* Debug */ = {
			isa = XCBuildConfiguration;
			buildSettings = {
				ALWAYS_SEARCH_USER_PATHS = NO;
				CLANG_ANALYZER_NONNULL = YES;
				CLANG_ANALYZER_NUMBER_OBJECT_CONVERSION = YES_AGGRESSIVE;
				CLANG_CXX_LANGUAGE_STANDARD = "gnu++14";
				CLANG_CXX_LIBRARY = "libc++";
				CLANG_ENABLE_MODULES = YES;
				CLANG_ENABLE_OBJC_ARC = YES;
				CLANG_ENABLE_OBJC_WEAK = YES;
				CLANG_WARN_BLOCK_CAPTURE_AUTORELEASING = YES;
				CLANG_WARN_BOOL_CONVERSION = YES;
				CLANG_WARN_COMMA = YES;
				CLANG_WARN_CONSTANT_CONVERSION = YES;
				CLANG_WARN_DEPRECATED_OBJC_IMPLEMENTATIONS = YES;
				CLANG_WARN_DIRECT_OBJC_ISA_USAGE = YES_ERROR;
				CLANG_WARN_DOCUMENTATION_COMMENTS = YES;
				CLANG_WARN_EMPTY_BODY = YES;
				CLANG_WARN_ENUM_CONVERSION = YES;
				CLANG_WARN_INFINITE_RECURSION = YES;
				CLANG_WARN_INT_CONVERSION = YES;
				CLANG_WARN_NON_LITERAL_NULL_CONVERSION = YES;
				CLANG_WARN_OBJC_IMPLICIT_RETAIN_SELF = YES;
				CLANG_WARN_OBJC_LITERAL_CONVERSION = YES;
				CLANG_WARN_OBJC_ROOT_CLASS = YES_ERROR;
				CLANG_WARN_RANGE_LOOP_ANALYSIS = YES;
				CLANG_WARN_STRICT_PROTOTYPES = YES;
				CLANG_WARN_SUSPICIOUS_MOVE = YES;
				CLANG_WARN_UNGUARDED_AVAILABILITY = YES_AGGRESSIVE;
				CLANG_WARN_UNREACHABLE_CODE = YES;
				CLANG_WARN__DUPLICATE_METHOD_MATCH = YES;
				COPY_PHASE_STRIP = NO;
				DEBUG_INFORMATION_FORMAT = dwarf;
				ENABLE_STRICT_OBJC_MSGSEND = YES;
				ENABLE_TESTABILITY = YES;
				GCC_C_LANGUAGE_STANDARD = gnu11;
				GCC_DYNAMIC_NO_PIC = NO;
				GCC_NO_COMMON_BLOCKS = YES;
				GCC_OPTIMIZATION_LEVEL = 0;
				GCC_PREPROCESSOR_DEFINITIONS = (
					"DEBUG=1",
					"$(inherited)",
				);
				GCC_WARN_64_TO_32_BIT_CONVERSION = YES;
				GCC_WARN_ABOUT_RETURN_TYPE = YES_ERROR;
				GCC_WARN_UNDECLARED_SELECTOR = YES;
				GCC_WARN_UNINITIALIZED_AUTOS = YES_AGGRESSIVE;
				GCC_WARN_UNUSED_FUNCTION = YES;
				GCC_WARN_UNUSED_VARIABLE = YES;
				IPHONEOS_DEPLOYMENT_TARGET = 13.5;
				MTL_ENABLE_DEBUG_INFO = INCLUDE_SOURCE;
				MTL_FAST_MATH = YES;
				ONLY_ACTIVE_ARCH = YES;
				SDKROOT = iphoneos;
				SWIFT_ACTIVE_COMPILATION_CONDITIONS = DEBUG;
				SWIFT_OPTIMIZATION_LEVEL = "-Onone";
			};
			name = Debug;
		};
		CE9F2AC824A7361A0017B76D /* Release */ = {
			isa = XCBuildConfiguration;
			buildSettings = {
				ALWAYS_SEARCH_USER_PATHS = NO;
				CLANG_ANALYZER_NONNULL = YES;
				CLANG_ANALYZER_NUMBER_OBJECT_CONVERSION = YES_AGGRESSIVE;
				CLANG_CXX_LANGUAGE_STANDARD = "gnu++14";
				CLANG_CXX_LIBRARY = "libc++";
				CLANG_ENABLE_MODULES = YES;
				CLANG_ENABLE_OBJC_ARC = YES;
				CLANG_ENABLE_OBJC_WEAK = YES;
				CLANG_WARN_BLOCK_CAPTURE_AUTORELEASING = YES;
				CLANG_WARN_BOOL_CONVERSION = YES;
				CLANG_WARN_COMMA = YES;
				CLANG_WARN_CONSTANT_CONVERSION = YES;
				CLANG_WARN_DEPRECATED_OBJC_IMPLEMENTATIONS = YES;
				CLANG_WARN_DIRECT_OBJC_ISA_USAGE = YES_ERROR;
				CLANG_WARN_DOCUMENTATION_COMMENTS = YES;
				CLANG_WARN_EMPTY_BODY = YES;
				CLANG_WARN_ENUM_CONVERSION = YES;
				CLANG_WARN_INFINITE_RECURSION = YES;
				CLANG_WARN_INT_CONVERSION = YES;
				CLANG_WARN_NON_LITERAL_NULL_CONVERSION = YES;
				CLANG_WARN_OBJC_IMPLICIT_RETAIN_SELF = YES;
				CLANG_WARN_OBJC_LITERAL_CONVERSION = YES;
				CLANG_WARN_OBJC_ROOT_CLASS = YES_ERROR;
				CLANG_WARN_RANGE_LOOP_ANALYSIS = YES;
				CLANG_WARN_STRICT_PROTOTYPES = YES;
				CLANG_WARN_SUSPICIOUS_MOVE = YES;
				CLANG_WARN_UNGUARDED_AVAILABILITY = YES_AGGRESSIVE;
				CLANG_WARN_UNREACHABLE_CODE = YES;
				CLANG_WARN__DUPLICATE_METHOD_MATCH = YES;
				COPY_PHASE_STRIP = NO;
				DEBUG_INFORMATION_FORMAT = "dwarf-with-dsym";
				ENABLE_NS_ASSERTIONS = NO;
				ENABLE_STRICT_OBJC_MSGSEND = YES;
				GCC_C_LANGUAGE_STANDARD = gnu11;
				GCC_NO_COMMON_BLOCKS = YES;
				GCC_WARN_64_TO_32_BIT_CONVERSION = YES;
				GCC_WARN_ABOUT_RETURN_TYPE = YES_ERROR;
				GCC_WARN_UNDECLARED_SELECTOR = YES;
				GCC_WARN_UNINITIALIZED_AUTOS = YES_AGGRESSIVE;
				GCC_WARN_UNUSED_FUNCTION = YES;
				GCC_WARN_UNUSED_VARIABLE = YES;
				IPHONEOS_DEPLOYMENT_TARGET = 13.5;
				MTL_ENABLE_DEBUG_INFO = NO;
				MTL_FAST_MATH = YES;
				SDKROOT = iphoneos;
				SWIFT_COMPILATION_MODE = wholemodule;
				SWIFT_OPTIMIZATION_LEVEL = "-O";
				VALIDATE_PRODUCT = YES;
			};
			name = Release;
		};
		CE9F2ACA24A7361A0017B76D /* Debug */ = {
			isa = XCBuildConfiguration;
			buildSettings = {
				ASSETCATALOG_COMPILER_APPICON_NAME = AppIcon;
				CODE_SIGN_STYLE = Automatic;
				INFOPLIST_FILE = byeworld/Info.plist;
				IPHONEOS_DEPLOYMENT_TARGET = 13.5;
				LD_RUNPATH_SEARCH_PATHS = (
					"$(inherited)",
					"@executable_path/Frameworks",
				);
				PRODUCT_BUNDLE_IDENTIFIER = com.hyunndy.byeworld;
				PRODUCT_NAME = "$(TARGET_NAME)";
				SWIFT_VERSION = 5.0;
				TARGETED_DEVICE_FAMILY = "1,2";
			};
			name = Debug;
		};
		CE9F2ACB24A7361A0017B76D /* Release */ = {
			isa = XCBuildConfiguration;
			buildSettings = {
				ASSETCATALOG_COMPILER_APPICON_NAME = AppIcon;
				CODE_SIGN_STYLE = Automatic;
				INFOPLIST_FILE = byeworld/Info.plist;
				IPHONEOS_DEPLOYMENT_TARGET = 13.5;
				LD_RUNPATH_SEARCH_PATHS = (
					"$(inherited)",
					"@executable_path/Frameworks",
				);
				PRODUCT_BUNDLE_IDENTIFIER = com.hyunndy.byeworld;
				PRODUCT_NAME = "$(TARGET_NAME)";
				SWIFT_VERSION = 5.0;
				TARGETED_DEVICE_FAMILY = "1,2";
			};
			name = Release;
		};
		CE9F2ACD24A7361A0017B76D /* Debug */ = {
			isa = XCBuildConfiguration;
			buildSettings = {
				ALWAYS_EMBED_SWIFT_STANDARD_LIBRARIES = YES;
				BUNDLE_LOADER = "$(TEST_HOST)";
				CODE_SIGN_STYLE = Automatic;
				INFOPLIST_FILE = byeworldTests/Info.plist;
				IPHONEOS_DEPLOYMENT_TARGET = 13.5;
				LD_RUNPATH_SEARCH_PATHS = (
					"$(inherited)",
					"@executable_path/Frameworks",
					"@loader_path/Frameworks",
				);
				PRODUCT_BUNDLE_IDENTIFIER = com.hyunndy.byeworldTests;
				PRODUCT_NAME = "$(TARGET_NAME)";
				SWIFT_VERSION = 5.0;
				TARGETED_DEVICE_FAMILY = "1,2";
				TEST_HOST = "$(BUILT_PRODUCTS_DIR)/byeworld.app/byeworld";
			};
			name = Debug;
		};
		CE9F2ACE24A7361A0017B76D /* Release */ = {
			isa = XCBuildConfiguration;
			buildSettings = {
				ALWAYS_EMBED_SWIFT_STANDARD_LIBRARIES = YES;
				BUNDLE_LOADER = "$(TEST_HOST)";
				CODE_SIGN_STYLE = Automatic;
				INFOPLIST_FILE = byeworldTests/Info.plist;
				IPHONEOS_DEPLOYMENT_TARGET = 13.5;
				LD_RUNPATH_SEARCH_PATHS = (
					"$(inherited)",
					"@executable_path/Frameworks",
					"@loader_path/Frameworks",
				);
				PRODUCT_BUNDLE_IDENTIFIER = com.hyunndy.byeworldTests;
				PRODUCT_NAME = "$(TARGET_NAME)";
				SWIFT_VERSION = 5.0;
				TARGETED_DEVICE_FAMILY = "1,2";
				TEST_HOST = "$(BUILT_PRODUCTS_DIR)/byeworld.app/byeworld";
			};
			name = Release;
		};
		CE9F2AD024A7361A0017B76D /* Debug */ = {
			isa = XCBuildConfiguration;
			buildSettings = {
				ALWAYS_EMBED_SWIFT_STANDARD_LIBRARIES = YES;
				CODE_SIGN_STYLE = Automatic;
				INFOPLIST_FILE = byeworldUITests/Info.plist;
				LD_RUNPATH_SEARCH_PATHS = (
					"$(inherited)",
					"@executable_path/Frameworks",
					"@loader_path/Frameworks",
				);
				PRODUCT_BUNDLE_IDENTIFIER = com.hyunndy.byeworldUITests;
				PRODUCT_NAME = "$(TARGET_NAME)";
				SWIFT_VERSION = 5.0;
				TARGETED_DEVICE_FAMILY = "1,2";
				TEST_TARGET_NAME = byeworld;
			};
			name = Debug;
		};
		CE9F2AD124A7361A0017B76D /* Release */ = {
			isa = XCBuildConfiguration;
			buildSettings = {
				ALWAYS_EMBED_SWIFT_STANDARD_LIBRARIES = YES;
				CODE_SIGN_STYLE = Automatic;
				INFOPLIST_FILE = byeworldUITests/Info.plist;
				LD_RUNPATH_SEARCH_PATHS = (
					"$(inherited)",
					"@executable_path/Frameworks",
					"@loader_path/Frameworks",
				);
				PRODUCT_BUNDLE_IDENTIFIER = com.hyunndy.byeworldUITests;
				PRODUCT_NAME = "$(TARGET_NAME)";
				SWIFT_VERSION = 5.0;
				TARGETED_DEVICE_FAMILY = "1,2";
				TEST_TARGET_NAME = byeworld;
			};
			name = Release;
		};
/* End XCBuildConfiguration section */

/* Begin XCConfigurationList section */
		CE9F2A9A24A736190017B76D /* Build configuration list for PBXProject "byeworld" */ = {
			isa = XCConfigurationList;
			buildConfigurations = (
				CE9F2AC724A7361A0017B76D /* Debug */,
				CE9F2AC824A7361A0017B76D /* Release */,
			);
			defaultConfigurationIsVisible = 0;
			defaultConfigurationName = Release;
		};
		CE9F2AC924A7361A0017B76D /* Build configuration list for PBXNativeTarget "byeworld" */ = {
			isa = XCConfigurationList;
			buildConfigurations = (
				CE9F2ACA24A7361A0017B76D /* Debug */,
				CE9F2ACB24A7361A0017B76D /* Release */,
			);
			defaultConfigurationIsVisible = 0;
			defaultConfigurationName = Release;
		};
		CE9F2ACC24A7361A0017B76D /* Build configuration list for PBXNativeTarget "byeworldTests" */ = {
			isa = XCConfigurationList;
			buildConfigurations = (
				CE9F2ACD24A7361A0017B76D /* Debug */,
				CE9F2ACE24A7361A0017B76D /* Release */,
			);
			defaultConfigurationIsVisible = 0;
			defaultConfigurationName = Release;
		};
		CE9F2ACF24A7361A0017B76D /* Build configuration list for PBXNativeTarget "byeworldUITests" */ = {
			isa = XCConfigurationList;
			buildConfigurations = (
				CE9F2AD024A7361A0017B76D /* Debug */,
				CE9F2AD124A7361A0017B76D /* Release */,
			);
			defaultConfigurationIsVisible = 0;
			defaultConfigurationName = Release;
		};
/* End XCConfigurationList section */
	};
	rootObject = CE9F2A9724A736190017B76D /* Project object */;
}
